
Microsoft Visual Studio Solution File, Format Version 12.00
# Visual Studio Version 17
VisualStudioVersion = 17.7.34202.233
MinimumVisualStudioVersion = 10.0.40219.1
Project("{FAE04EC0-301F-11D3-BF4B-00C04F79EFBC}") = "Hello", "Hello\Hello.csproj", "{D99BB91E-2295-4AB5-8E36-03987435E6B2}"
EndProject
Project("{FAE04EC0-301F-11D3-BF4B-00C04F79EFBC}") = "DogTest", "DogTest\DogTest.csproj", "{89875935-A774-4C89-AC9B-0011BD6C6E8C}"
EndProject
Global
	GlobalSection(SolutionConfigurationPlatforms) = preSolution
		Debug|Any CPU = Debug|Any CPU
		Release|Any CPU = Release|Any CPU
	EndGlobalSection
	GlobalSection(ProjectConfigurationPlatforms) = postSolution
		{D99BB91E-2295-4AB5-8E36-03987435E6B2}.Debug|Any CPU.ActiveCfg = Debug|Any CPU
		{D99BB91E-2295-4AB5-8E36-03987435E6B2}.Debug|Any CPU.Build.0 = Debug|Any CPU
		{D99BB91E-2295-4AB5-8E36-03987435E6B2}.Release|Any CPU.ActiveCfg = Release|Any CPU
		{D99BB91E-2295-4AB5-8E36-03987435E6B2}.Release|Any CPU.Build.0 = Release|Any CPU
		{89875935-A774-4C89-AC9B-0011BD6C6E8C}.Debug|Any CPU.ActiveCfg = Debug|Any CPU
		{89875935-A774-4C89-AC9B-0011BD6C6E8C}.Debug|Any CPU.Build.0 = Debug|Any CPU
		{89875935-A774-4C89-AC9B-0011BD6C6E8C}.Release|Any CPU.ActiveCfg = Release|Any CPU
		{89875935-A774-4C89-AC9B-0011BD6C6E8C}.Release|Any CPU.Build.0 = Release|Any CPU
	EndGlobalSection
	GlobalSection(SolutionProperties) = preSolution
		HideSolutionNode = FALSE
	EndGlobalSection
	GlobalSection(ExtensibilityGlobals) = postSolution
		SolutionGuid = {BF5D9C57-F3A1-441D-8E77-D0ED8104F9DF}
	EndGlobalSection
EndGlobal
